
Microsoft Visual Studio Solution File, Format Version 12.00
# Visual Studio 14
VisualStudioVersion = 14.0.25420.1
MinimumVisualStudioVersion = 10.0.40219.1
Project("{FAE04EC0-301F-11D3-BF4B-00C04F79EFBC}") = "Deleter", "Deleter\Deleter.csproj", "{48F20147-226B-4115-AADD-00C326DFAEAF}"
EndProject
Project("{FAE04EC0-301F-11D3-BF4B-00C04F79EFBC}") = "XTest", "DeleterTest\XTest.csproj", "{E07C41EC-2970-4069-A8E3-C4441703BC56}"
EndProject
Project("{FAE04EC0-301F-11D3-BF4B-00C04F79EFBC}") = "Finder", "Finder\Finder.csproj", "{630247EE-E3DE-4D58-B024-8D36FAD44506}"
EndProject
Project("{FAE04EC0-301F-11D3-BF4B-00C04F79EFBC}") = "CommonClasses", "CommonClasses\CommonClasses.csproj", "{1C410A05-8EA9-4DD6-B726-0D6C236AC7C5}"
EndProject
Global
	GlobalSection(SolutionConfigurationPlatforms) = preSolution
		Debug|Any CPU = Debug|Any CPU
		Release|Any CPU = Release|Any CPU
	EndGlobalSection
	GlobalSection(ProjectConfigurationPlatforms) = postSolution
		{48F20147-226B-4115-AADD-00C326DFAEAF}.Debug|Any CPU.ActiveCfg = Debug|Any CPU
		{48F20147-226B-4115-AADD-00C326DFAEAF}.Debug|Any CPU.Build.0 = Debug|Any CPU
		{48F20147-226B-4115-AADD-00C326DFAEAF}.Release|Any CPU.ActiveCfg = Release|Any CPU
		{48F20147-226B-4115-AADD-00C326DFAEAF}.Release|Any CPU.Build.0 = Release|Any CPU
		{E07C41EC-2970-4069-A8E3-C4441703BC56}.Debug|Any CPU.ActiveCfg = Debug|Any CPU
		{E07C41EC-2970-4069-A8E3-C4441703BC56}.Debug|Any CPU.Build.0 = Debug|Any CPU
		{E07C41EC-2970-4069-A8E3-C4441703BC56}.Release|Any CPU.ActiveCfg = Release|Any CPU
		{E07C41EC-2970-4069-A8E3-C4441703BC56}.Release|Any CPU.Build.0 = Release|Any CPU
		{630247EE-E3DE-4D58-B024-8D36FAD44506}.Debug|Any CPU.ActiveCfg = Debug|Any CPU
		{630247EE-E3DE-4D58-B024-8D36FAD44506}.Debug|Any CPU.Build.0 = Debug|Any CPU
		{630247EE-E3DE-4D58-B024-8D36FAD44506}.Release|Any CPU.ActiveCfg = Release|Any CPU
		{630247EE-E3DE-4D58-B024-8D36FAD44506}.Release|Any CPU.Build.0 = Release|Any CPU
		{1C410A05-8EA9-4DD6-B726-0D6C236AC7C5}.Debug|Any CPU.ActiveCfg = Debug|Any CPU
		{1C410A05-8EA9-4DD6-B726-0D6C236AC7C5}.Debug|Any CPU.Build.0 = Debug|Any CPU
		{1C410A05-8EA9-4DD6-B726-0D6C236AC7C5}.Release|Any CPU.ActiveCfg = Release|Any CPU
		{1C410A05-8EA9-4DD6-B726-0D6C236AC7C5}.Release|Any CPU.Build.0 = Release|Any CPU
	EndGlobalSection
	GlobalSection(SolutionProperties) = preSolution
		HideSolutionNode = FALSE
	EndGlobalSection
EndGlobal
